
Microsoft Visual Studio Solution File, Format Version 12.00
# Visual Studio Version 16
VisualStudioVersion = 16.0.29519.87
MinimumVisualStudioVersion = 10.0.40219.1
Project("{FAE04EC0-301F-11D3-BF4B-00C04F79EFBC}") = "ConwaysGameOfLife", "ConwaysGameOfLife.csproj", "{C2AC5AB5-6752-429D-A28D-E5ACC9E20FF8}"
EndProject
Project("{FAE04EC0-301F-11D3-BF4B-00C04F79EFBC}") = "ConwaysGameOfLifeTest", "..\ConwaysGameOfLifeTest\ConwaysGameOfLifeTest.csproj", "{BA155D2D-62D2-432A-B677-6594C52AC3A3}"
EndProject
Global
	GlobalSection(SolutionConfigurationPlatforms) = preSolution
		Debug|Any CPU = Debug|Any CPU
		Release|Any CPU = Release|Any CPU
	EndGlobalSection
	GlobalSection(ProjectConfigurationPlatforms) = postSolution
		{C2AC5AB5-6752-429D-A28D-E5ACC9E20FF8}.Debug|Any CPU.ActiveCfg = Debug|Any CPU
		{C2AC5AB5-6752-429D-A28D-E5ACC9E20FF8}.Debug|Any CPU.Build.0 = Debug|Any CPU
		{C2AC5AB5-6752-429D-A28D-E5ACC9E20FF8}.Release|Any CPU.ActiveCfg = Release|Any CPU
		{C2AC5AB5-6752-429D-A28D-E5ACC9E20FF8}.Release|Any CPU.Build.0 = Release|Any CPU
		{BA155D2D-62D2-432A-B677-6594C52AC3A3}.Debug|Any CPU.ActiveCfg = Debug|Any CPU
		{BA155D2D-62D2-432A-B677-6594C52AC3A3}.Debug|Any CPU.Build.0 = Debug|Any CPU
		{BA155D2D-62D2-432A-B677-6594C52AC3A3}.Release|Any CPU.ActiveCfg = Release|Any CPU
		{BA155D2D-62D2-432A-B677-6594C52AC3A3}.Release|Any CPU.Build.0 = Release|Any CPU
	EndGlobalSection
	GlobalSection(SolutionProperties) = preSolution
		HideSolutionNode = FALSE
	EndGlobalSection
	GlobalSection(ExtensibilityGlobals) = postSolution
		SolutionGuid = {3B6A54CC-4DDC-4513-B355-9AC560DD708F}
	EndGlobalSection
EndGlobal
